
Microsoft Visual Studio Solution File, Format Version 12.00
# Visual Studio 15
VisualStudioVersion = 15.0.27428.2015
MinimumVisualStudioVersion = 10.0.40219.1
Project("{FAE04EC0-301F-11D3-BF4B-00C04F79EFBC}") = "TestAPI", "TestAPI\TestAPI.csproj", "{3C7D15A0-B22D-44F8-9D90-666E75932D7D}"
EndProject
Global
	GlobalSection(SolutionConfigurationPlatforms) = preSolution
		Debug|Any CPU = Debug|Any CPU
		Release|Any CPU = Release|Any CPU
	EndGlobalSection
	GlobalSection(ProjectConfigurationPlatforms) = postSolution
		{3C7D15A0-B22D-44F8-9D90-666E75932D7D}.Debug|Any CPU.ActiveCfg = Debug|Any CPU
		{3C7D15A0-B22D-44F8-9D90-666E75932D7D}.Debug|Any CPU.Build.0 = Debug|Any CPU
		{3C7D15A0-B22D-44F8-9D90-666E75932D7D}.Release|Any CPU.ActiveCfg = Release|Any CPU
		{3C7D15A0-B22D-44F8-9D90-666E75932D7D}.Release|Any CPU.Build.0 = Release|Any CPU
	EndGlobalSection
	GlobalSection(SolutionProperties) = preSolution
		HideSolutionNode = FALSE
	EndGlobalSection
	GlobalSection(ExtensibilityGlobals) = postSolution
		SolutionGuid = {6C72E7CA-6F15-40B6-850C-44F8A6E80317}
	EndGlobalSection
EndGlobal
